
Microsoft Visual Studio Solution File, Format Version 12.00
# Visual Studio Version 17
VisualStudioVersion = 17.2.32602.215
MinimumVisualStudioVersion = 10.0.40219.1
Project("{8BC9CEB8-8B4A-11D0-8D11-00A0C91BC942}") = "Chess_engine_cpp", "Chess_engine_cpp.vcxproj", "{B900580E-3435-480E-9543-2CC1CE6EFC6C}"
EndProject
Global
	GlobalSection(SolutionConfigurationPlatforms) = preSolution
		Debug|x64 = Debug|x64
		Debug|x86 = Debug|x86
		Release|x64 = Release|x64
		Release|x86 = Release|x86
	EndGlobalSection
	GlobalSection(ProjectConfigurationPlatforms) = postSolution
		{B900580E-3435-480E-9543-2CC1CE6EFC6C}.Debug|x64.ActiveCfg = Debug|x64
		{B900580E-3435-480E-9543-2CC1CE6EFC6C}.Debug|x64.Build.0 = Debug|x64
		{B900580E-3435-480E-9543-2CC1CE6EFC6C}.Debug|x86.ActiveCfg = Debug|Win32
		{B900580E-3435-480E-9543-2CC1CE6EFC6C}.Debug|x86.Build.0 = Debug|Win32
		{B900580E-3435-480E-9543-2CC1CE6EFC6C}.Release|x64.ActiveCfg = Release|x64
		{B900580E-3435-480E-9543-2CC1CE6EFC6C}.Release|x64.Build.0 = Release|x64
		{B900580E-3435-480E-9543-2CC1CE6EFC6C}.Release|x86.ActiveCfg = Release|Win32
		{B900580E-3435-480E-9543-2CC1CE6EFC6C}.Release|x86.Build.0 = Release|Win32
	EndGlobalSection
	GlobalSection(SolutionProperties) = preSolution
		HideSolutionNode = FALSE
	EndGlobalSection
	GlobalSection(ExtensibilityGlobals) = postSolution
		SolutionGuid = {D649709B-2F4C-4FA4-AC56-6EE9CA030D7D}
	EndGlobalSection
EndGlobal
